// !$*UTF8*$!
{
	archiveVersion = 1;
	classes = {
	};
	objectVersion = 50;
	objects = {

/* Begin PBXBuildFile section */
		7168738F26F7918E00AD0DE6 /* AppDelegate.swift in Sources */ = {isa = PBXBuildFile; fileRef = 7168738E26F7918E00AD0DE6 /* AppDelegate.swift */; };
		7168739126F7918E00AD0DE6 /* SceneDelegate.swift in Sources */ = {isa = PBXBuildFile; fileRef = 7168739026F7918E00AD0DE6 /* SceneDelegate.swift */; };
		7168739626F7918E00AD0DE6 /* Main.storyboard in Resources */ = {isa = PBXBuildFile; fileRef = 7168739426F7918E00AD0DE6 /* Main.storyboard */; };
		7168739926F7918E00AD0DE6 /* AirlineApp.xcdatamodeld in Sources */ = {isa = PBXBuildFile; fileRef = 7168739726F7918E00AD0DE6 /* AirlineApp.xcdatamodeld */; };
		7168739B26F7919100AD0DE6 /* Assets.xcassets in Resources */ = {isa = PBXBuildFile; fileRef = 7168739A26F7919100AD0DE6 /* Assets.xcassets */; };
		7168739E26F7919100AD0DE6 /* LaunchScreen.storyboard in Resources */ = {isa = PBXBuildFile; fileRef = 7168739C26F7919100AD0DE6 /* LaunchScreen.storyboard */; };
		716873B426F7919100AD0DE6 /* AirlineAppUITests.swift in Sources */ = {isa = PBXBuildFile; fileRef = 716873B326F7919100AD0DE6 /* AirlineAppUITests.swift */; };
		716873C726F7B4D600AD0DE6 /* Airline.swift in Sources */ = {isa = PBXBuildFile; fileRef = 716873C626F7B4D600AD0DE6 /* Airline.swift */; };
		716873C926F7B6C000AD0DE6 /* AirlinesVC.swift in Sources */ = {isa = PBXBuildFile; fileRef = 716873C826F7B6C000AD0DE6 /* AirlinesVC.swift */; };
		716873CB26F7B6E600AD0DE6 /* AirlineDetailsVC.swift in Sources */ = {isa = PBXBuildFile; fileRef = 716873CA26F7B6E600AD0DE6 /* AirlineDetailsVC.swift */; };
		716873CD26F7B70400AD0DE6 /* AddAirlineVC.swift in Sources */ = {isa = PBXBuildFile; fileRef = 716873CC26F7B70400AD0DE6 /* AddAirlineVC.swift */; };
		716873CF26F7C27800AD0DE6 /* Constants.swift in Sources */ = {isa = PBXBuildFile; fileRef = 716873CE26F7C27800AD0DE6 /* Constants.swift */; };
		716873D426F7C38D00AD0DE6 /* NetworkManager.swift in Sources */ = {isa = PBXBuildFile; fileRef = 716873D326F7C38D00AD0DE6 /* NetworkManager.swift */; };
		716873D726F7C8EA00AD0DE6 /* AirlineApiError.swift in Sources */ = {isa = PBXBuildFile; fileRef = 716873D626F7C8EA00AD0DE6 /* AirlineApiError.swift */; };
		716873D926F7D8A700AD0DE6 /* Observable.swift in Sources */ = {isa = PBXBuildFile; fileRef = 716873D826F7D8A700AD0DE6 /* Observable.swift */; };
		716873DB26F7D90B00AD0DE6 /* BindingTextField.swift in Sources */ = {isa = PBXBuildFile; fileRef = 716873DA26F7D90B00AD0DE6 /* BindingTextField.swift */; };
		716873DD26F7DCD500AD0DE6 /* AirlinesViewModel.swift in Sources */ = {isa = PBXBuildFile; fileRef = 716873DC26F7DCD500AD0DE6 /* AirlinesViewModel.swift */; };
		716873DF26F7DF5900AD0DE6 /* AirlineCellViewModel.swift in Sources */ = {isa = PBXBuildFile; fileRef = 716873DE26F7DF5900AD0DE6 /* AirlineCellViewModel.swift */; };
		716873E226F7DF8900AD0DE6 /* AirlineCell.swift in Sources */ = {isa = PBXBuildFile; fileRef = 716873E126F7DF8900AD0DE6 /* AirlineCell.swift */; };
		716873E426F7FB6900AD0DE6 /* AirlineDetailsViewModel.swift in Sources */ = {isa = PBXBuildFile; fileRef = 716873E326F7FB6900AD0DE6 /* AirlineDetailsViewModel.swift */; };
		716873E726F806DB00AD0DE6 /* Storyboard+Extention.swift in Sources */ = {isa = PBXBuildFile; fileRef = 716873E626F806DB00AD0DE6 /* Storyboard+Extention.swift */; };
		716873E926F80CC600AD0DE6 /* AddAirlineViewModel.swift in Sources */ = {isa = PBXBuildFile; fileRef = 716873E826F80CC600AD0DE6 /* AddAirlineViewModel.swift */; };
		716873EB26F80F9800AD0DE6 /* AddAirlineFormError.swift in Sources */ = {isa = PBXBuildFile; fileRef = 716873EA26F80F9800AD0DE6 /* AddAirlineFormError.swift */; };
		716873ED26F9593700AD0DE6 /* UITextField + Extention.swift in Sources */ = {isa = PBXBuildFile; fileRef = 716873EC26F9593700AD0DE6 /* UITextField + Extention.swift */; };
		716873EF26F9646300AD0DE6 /* UIViewController + Extention.swift in Sources */ = {isa = PBXBuildFile; fileRef = 716873EE26F9646300AD0DE6 /* UIViewController + Extention.swift */; };
		71FE001826FA4AA100C8E1B6 /* CDAirline+CoreDataClass.swift in Sources */ = {isa = PBXBuildFile; fileRef = 71FE001626FA4AA100C8E1B6 /* CDAirline+CoreDataClass.swift */; };
		71FE001926FA4AA100C8E1B6 /* CDAirline+CoreDataProperties.swift in Sources */ = {isa = PBXBuildFile; fileRef = 71FE001726FA4AA100C8E1B6 /* CDAirline+CoreDataProperties.swift */; };
		71FE001B26FA4ADA00C8E1B6 /* PersistenceManager.swift in Sources */ = {isa = PBXBuildFile; fileRef = 71FE001A26FA4ADA00C8E1B6 /* PersistenceManager.swift */; };
		71FE001E26FA8D8700C8E1B6 /* AirlinesViewModelTests.swift in Sources */ = {isa = PBXBuildFile; fileRef = 71FE001D26FA8D8700C8E1B6 /* AirlinesViewModelTests.swift */; };
		71FE002226FA9B8B00C8E1B6 /* MockAirlinesVC.swift in Sources */ = {isa = PBXBuildFile; fileRef = 71FE002126FA9B8B00C8E1B6 /* MockAirlinesVC.swift */; };
		71FE002526FAA64C00C8E1B6 /* AirlinesVCProtocol.swift in Sources */ = {isa = PBXBuildFile; fileRef = 71FE002426FAA64C00C8E1B6 /* AirlinesVCProtocol.swift */; };
		71FE002826FAEA6A00C8E1B6 /* StubNetworkManager.swift in Sources */ = {isa = PBXBuildFile; fileRef = 71FE002726FAEA6A00C8E1B6 /* StubNetworkManager.swift */; };
		71FE002A26FB017B00C8E1B6 /* StubPersistenceManager.swift in Sources */ = {isa = PBXBuildFile; fileRef = 71FE002926FB017B00C8E1B6 /* StubPersistenceManager.swift */; };
/* End PBXBuildFile section */

/* Begin PBXContainerItemProxy section */
		716873A526F7919100AD0DE6 /* PBXContainerItemProxy */ = {
			isa = PBXContainerItemProxy;
			containerPortal = 7168738326F7918D00AD0DE6 /* Project object */;
			proxyType = 1;
			remoteGlobalIDString = 7168738A26F7918D00AD0DE6;
			remoteInfo = AirlineApp;
		};
		716873B026F7919100AD0DE6 /* PBXContainerItemProxy */ = {
			isa = PBXContainerItemProxy;
			containerPortal = 7168738326F7918D00AD0DE6 /* Project object */;
			proxyType = 1;
			remoteGlobalIDString = 7168738A26F7918D00AD0DE6;
			remoteInfo = AirlineApp;
		};
/* End PBXContainerItemProxy section */

/* Begin PBXFileReference section */
		7168738B26F7918D00AD0DE6 /* AirlineApp.app */ = {isa = PBXFileReference; explicitFileType = wrapper.application; includeInIndex = 0; path = AirlineApp.app; sourceTree = BUILT_PRODUCTS_DIR; };
		7168738E26F7918E00AD0DE6 /* AppDelegate.swift */ = {isa = PBXFileReference; lastKnownFileType = sourcecode.swift; path = AppDelegate.swift; sourceTree = "<group>"; };
		7168739026F7918E00AD0DE6 /* SceneDelegate.swift */ = {isa = PBXFileReference; lastKnownFileType = sourcecode.swift; path = SceneDelegate.swift; sourceTree = "<group>"; };
		7168739526F7918E00AD0DE6 /* Base */ = {isa = PBXFileReference; lastKnownFileType = file.storyboard; name = Base; path = Base.lproj/Main.storyboard; sourceTree = "<group>"; };
		7168739826F7918E00AD0DE6 /* AirlineApp.xcdatamodel */ = {isa = PBXFileReference; lastKnownFileType = wrapper.xcdatamodel; path = AirlineApp.xcdatamodel; sourceTree = "<group>"; };
		7168739A26F7919100AD0DE6 /* Assets.xcassets */ = {isa = PBXFileReference; lastKnownFileType = folder.assetcatalog; path = Assets.xcassets; sourceTree = "<group>"; };
		7168739D26F7919100AD0DE6 /* Base */ = {isa = PBXFileReference; lastKnownFileType = file.storyboard; name = Base; path = Base.lproj/LaunchScreen.storyboard; sourceTree = "<group>"; };
		7168739F26F7919100AD0DE6 /* Info.plist */ = {isa = PBXFileReference; lastKnownFileType = text.plist.xml; path = Info.plist; sourceTree = "<group>"; };
		716873A426F7919100AD0DE6 /* AirlineAppTests.xctest */ = {isa = PBXFileReference; explicitFileType = wrapper.cfbundle; includeInIndex = 0; path = AirlineAppTests.xctest; sourceTree = BUILT_PRODUCTS_DIR; };
		716873AA26F7919100AD0DE6 /* Info.plist */ = {isa = PBXFileReference; lastKnownFileType = text.plist.xml; path = Info.plist; sourceTree = "<group>"; };
		716873AF26F7919100AD0DE6 /* AirlineAppUITests.xctest */ = {isa = PBXFileReference; explicitFileType = wrapper.cfbundle; includeInIndex = 0; path = AirlineAppUITests.xctest; sourceTree = BUILT_PRODUCTS_DIR; };
		716873B326F7919100AD0DE6 /* AirlineAppUITests.swift */ = {isa = PBXFileReference; lastKnownFileType = sourcecode.swift; path = AirlineAppUITests.swift; sourceTree = "<group>"; };
		716873B526F7919100AD0DE6 /* Info.plist */ = {isa = PBXFileReference; lastKnownFileType = text.plist.xml; path = Info.plist; sourceTree = "<group>"; };
		716873C626F7B4D600AD0DE6 /* Airline.swift */ = {isa = PBXFileReference; lastKnownFileType = sourcecode.swift; path = Airline.swift; sourceTree = "<group>"; };
		716873C826F7B6C000AD0DE6 /* AirlinesVC.swift */ = {isa = PBXFileReference; lastKnownFileType = sourcecode.swift; path = AirlinesVC.swift; sourceTree = "<group>"; };
		716873CA26F7B6E600AD0DE6 /* AirlineDetailsVC.swift */ = {isa = PBXFileReference; lastKnownFileType = sourcecode.swift; path = AirlineDetailsVC.swift; sourceTree = "<group>"; };
		716873CC26F7B70400AD0DE6 /* AddAirlineVC.swift */ = {isa = PBXFileReference; lastKnownFileType = sourcecode.swift; path = AddAirlineVC.swift; sourceTree = "<group>"; };
		716873CE26F7C27800AD0DE6 /* Constants.swift */ = {isa = PBXFileReference; lastKnownFileType = sourcecode.swift; path = Constants.swift; sourceTree = "<group>"; };
		716873D326F7C38D00AD0DE6 /* NetworkManager.swift */ = {isa = PBXFileReference; fileEncoding = 4; lastKnownFileType = sourcecode.swift; path = NetworkManager.swift; sourceTree = "<group>"; };
		716873D626F7C8EA00AD0DE6 /* AirlineApiError.swift */ = {isa = PBXFileReference; lastKnownFileType = sourcecode.swift; path = AirlineApiError.swift; sourceTree = "<group>"; };
		716873D826F7D8A700AD0DE6 /* Observable.swift */ = {isa = PBXFileReference; lastKnownFileType = sourcecode.swift; path = Observable.swift; sourceTree = "<group>"; };
		716873DA26F7D90B00AD0DE6 /* BindingTextField.swift */ = {isa = PBXFileReference; lastKnownFileType = sourcecode.swift; path = BindingTextField.swift; sourceTree = "<group>"; };
		716873DC26F7DCD500AD0DE6 /* AirlinesViewModel.swift */ = {isa = PBXFileReference; lastKnownFileType = sourcecode.swift; path = AirlinesViewModel.swift; sourceTree = "<group>"; };
		716873DE26F7DF5900AD0DE6 /* AirlineCellViewModel.swift */ = {isa = PBXFileReference; lastKnownFileType = sourcecode.swift; path = AirlineCellViewModel.swift; sourceTree = "<group>"; };
		716873E126F7DF8900AD0DE6 /* AirlineCell.swift */ = {isa = PBXFileReference; lastKnownFileType = sourcecode.swift; path = AirlineCell.swift; sourceTree = "<group>"; };
		716873E326F7FB6900AD0DE6 /* AirlineDetailsViewModel.swift */ = {isa = PBXFileReference; lastKnownFileType = sourcecode.swift; path = AirlineDetailsViewModel.swift; sourceTree = "<group>"; };
		716873E626F806DB00AD0DE6 /* Storyboard+Extention.swift */ = {isa = PBXFileReference; lastKnownFileType = sourcecode.swift; path = "Storyboard+Extention.swift"; sourceTree = "<group>"; };
		716873E826F80CC600AD0DE6 /* AddAirlineViewModel.swift */ = {isa = PBXFileReference; lastKnownFileType = sourcecode.swift; path = AddAirlineViewModel.swift; sourceTree = "<group>"; };
		716873EA26F80F9800AD0DE6 /* AddAirlineFormError.swift */ = {isa = PBXFileReference; lastKnownFileType = sourcecode.swift; path = AddAirlineFormError.swift; sourceTree = "<group>"; };
		716873EC26F9593700AD0DE6 /* UITextField + Extention.swift */ = {isa = PBXFileReference; lastKnownFileType = sourcecode.swift; path = "UITextField + Extention.swift"; sourceTree = "<group>"; };
		716873EE26F9646300AD0DE6 /* UIViewController + Extention.swift */ = {isa = PBXFileReference; lastKnownFileType = sourcecode.swift; path = "UIViewController + Extention.swift"; sourceTree = "<group>"; };
		71FE001626FA4AA100C8E1B6 /* CDAirline+CoreDataClass.swift */ = {isa = PBXFileReference; lastKnownFileType = sourcecode.swift; path = "CDAirline+CoreDataClass.swift"; sourceTree = "<group>"; };
		71FE001726FA4AA100C8E1B6 /* CDAirline+CoreDataProperties.swift */ = {isa = PBXFileReference; lastKnownFileType = sourcecode.swift; path = "CDAirline+CoreDataProperties.swift"; sourceTree = "<group>"; };
		71FE001A26FA4ADA00C8E1B6 /* PersistenceManager.swift */ = {isa = PBXFileReference; lastKnownFileType = sourcecode.swift; path = PersistenceManager.swift; sourceTree = "<group>"; };
		71FE001D26FA8D8700C8E1B6 /* AirlinesViewModelTests.swift */ = {isa = PBXFileReference; lastKnownFileType = sourcecode.swift; path = AirlinesViewModelTests.swift; sourceTree = "<group>"; };
		71FE002126FA9B8B00C8E1B6 /* MockAirlinesVC.swift */ = {isa = PBXFileReference; lastKnownFileType = sourcecode.swift; path = MockAirlinesVC.swift; sourceTree = "<group>"; };
		71FE002426FAA64C00C8E1B6 /* AirlinesVCProtocol.swift */ = {isa = PBXFileReference; lastKnownFileType = sourcecode.swift; path = AirlinesVCProtocol.swift; sourceTree = "<group>"; };
		71FE002726FAEA6A00C8E1B6 /* StubNetworkManager.swift */ = {isa = PBXFileReference; lastKnownFileType = sourcecode.swift; path = StubNetworkManager.swift; sourceTree = "<group>"; };
		71FE002926FB017B00C8E1B6 /* StubPersistenceManager.swift */ = {isa = PBXFileReference; lastKnownFileType = sourcecode.swift; path = StubPersistenceManager.swift; sourceTree = "<group>"; };
/* End PBXFileReference section */

/* Begin PBXFrameworksBuildPhase section */
		7168738826F7918D00AD0DE6 /* Frameworks */ = {
			isa = PBXFrameworksBuildPhase;
			buildActionMask = 2147483647;
			files = (
			);
			runOnlyForDeploymentPostprocessing = 0;
		};
		716873A126F7919100AD0DE6 /* Frameworks */ = {
			isa = PBXFrameworksBuildPhase;
			buildActionMask = 2147483647;
			files = (
			);
			runOnlyForDeploymentPostprocessing = 0;
		};
		716873AC26F7919100AD0DE6 /* Frameworks */ = {
			isa = PBXFrameworksBuildPhase;
			buildActionMask = 2147483647;
			files = (
			);
			runOnlyForDeploymentPostprocessing = 0;
		};
/* End PBXFrameworksBuildPhase section */

/* Begin PBXGroup section */
		7168738226F7918D00AD0DE6 = {
			isa = PBXGroup;
			children = (
				7168738D26F7918D00AD0DE6 /* AirlineApp */,
				716873A726F7919100AD0DE6 /* AirlineAppTests */,
				716873B226F7919100AD0DE6 /* AirlineAppUITests */,
				7168738C26F7918D00AD0DE6 /* Products */,
			);
			sourceTree = "<group>";
		};
		7168738C26F7918D00AD0DE6 /* Products */ = {
			isa = PBXGroup;
			children = (
				7168738B26F7918D00AD0DE6 /* AirlineApp.app */,
				716873A426F7919100AD0DE6 /* AirlineAppTests.xctest */,
				716873AF26F7919100AD0DE6 /* AirlineAppUITests.xctest */,
			);
			name = Products;
			sourceTree = "<group>";
		};
		7168738D26F7918D00AD0DE6 /* AirlineApp */ = {
			isa = PBXGroup;
			children = (
				71FE002326FAA63000C8E1B6 /* Protocols */,
				716873C126F7B2D900AD0DE6 /* Model */,
				716873C226F7B2E100AD0DE6 /* View */,
				716873C326F7B2EF00AD0DE6 /* Controller */,
				716873C526F7B30B00AD0DE6 /* ViewModel */,
				716873E526F806B800AD0DE6 /* Extentions */,
				716873D226F7C35200AD0DE6 /* Managers */,
				716873D026F7C2BD00AD0DE6 /* Support */,
				7168739F26F7919100AD0DE6 /* Info.plist */,
				7168739726F7918E00AD0DE6 /* AirlineApp.xcdatamodeld */,
			);
			path = AirlineApp;
			sourceTree = "<group>";
		};
		716873A726F7919100AD0DE6 /* AirlineAppTests */ = {
			isa = PBXGroup;
			children = (
				71FE002626FAEA3900C8E1B6 /* Stubs */,
				71FE001F26FA9B4500C8E1B6 /* Mocks */,
				71FE001C26FA8D4800C8E1B6 /* ViewModels */,
				716873AA26F7919100AD0DE6 /* Info.plist */,
			);
			path = AirlineAppTests;
			sourceTree = "<group>";
		};
		716873B226F7919100AD0DE6 /* AirlineAppUITests */ = {
			isa = PBXGroup;
			children = (
				716873B326F7919100AD0DE6 /* AirlineAppUITests.swift */,
				716873B526F7919100AD0DE6 /* Info.plist */,
			);
			path = AirlineAppUITests;
			sourceTree = "<group>";
		};
		716873C126F7B2D900AD0DE6 /* Model */ = {
			isa = PBXGroup;
			children = (
				71FE001526FA4A7500C8E1B6 /* CoreData */,
				716873D526F7C7AF00AD0DE6 /* Enums */,
				716873C626F7B4D600AD0DE6 /* Airline.swift */,
				716873D826F7D8A700AD0DE6 /* Observable.swift */,
			);
			path = Model;
			sourceTree = "<group>";
		};
		716873C226F7B2E100AD0DE6 /* View */ = {
			isa = PBXGroup;
			children = (
				716873F226F9FC2200AD0DE6 /* TextFields */,
				716873E026F7DF6D00AD0DE6 /* Cells */,
				716873D126F7C31100AD0DE6 /* Storyboard */,
			);
			path = View;
			sourceTree = "<group>";
		};
		716873C326F7B2EF00AD0DE6 /* Controller */ = {
			isa = PBXGroup;
			children = (
				716873C826F7B6C000AD0DE6 /* AirlinesVC.swift */,
				716873CA26F7B6E600AD0DE6 /* AirlineDetailsVC.swift */,
				716873CC26F7B70400AD0DE6 /* AddAirlineVC.swift */,
			);
			path = Controller;
			sourceTree = "<group>";
		};
		716873C526F7B30B00AD0DE6 /* ViewModel */ = {
			isa = PBXGroup;
			children = (
				716873DC26F7DCD500AD0DE6 /* AirlinesViewModel.swift */,
				716873DE26F7DF5900AD0DE6 /* AirlineCellViewModel.swift */,
				716873E326F7FB6900AD0DE6 /* AirlineDetailsViewModel.swift */,
				716873E826F80CC600AD0DE6 /* AddAirlineViewModel.swift */,
			);
			path = ViewModel;
			sourceTree = "<group>";
		};
		716873D026F7C2BD00AD0DE6 /* Support */ = {
			isa = PBXGroup;
			children = (
				7168738E26F7918E00AD0DE6 /* AppDelegate.swift */,
				7168739026F7918E00AD0DE6 /* SceneDelegate.swift */,
				7168739A26F7919100AD0DE6 /* Assets.xcassets */,
			);
			path = Support;
			sourceTree = "<group>";
		};
		716873D126F7C31100AD0DE6 /* Storyboard */ = {
			isa = PBXGroup;
			children = (
				7168739C26F7919100AD0DE6 /* LaunchScreen.storyboard */,
				7168739426F7918E00AD0DE6 /* Main.storyboard */,
			);
			path = Storyboard;
			sourceTree = "<group>";
		};
		716873D226F7C35200AD0DE6 /* Managers */ = {
			isa = PBXGroup;
			children = (
				716873D326F7C38D00AD0DE6 /* NetworkManager.swift */,
				71FE001A26FA4ADA00C8E1B6 /* PersistenceManager.swift */,
			);
			path = Managers;
			sourceTree = "<group>";
		};
		716873D526F7C7AF00AD0DE6 /* Enums */ = {
			isa = PBXGroup;
			children = (
				716873CE26F7C27800AD0DE6 /* Constants.swift */,
				716873D626F7C8EA00AD0DE6 /* AirlineApiError.swift */,
				716873EA26F80F9800AD0DE6 /* AddAirlineFormError.swift */,
			);
			path = Enums;
			sourceTree = "<group>";
		};
		716873E026F7DF6D00AD0DE6 /* Cells */ = {
			isa = PBXGroup;
			children = (
				716873E126F7DF8900AD0DE6 /* AirlineCell.swift */,
			);
			path = Cells;
			sourceTree = "<group>";
		};
		716873E526F806B800AD0DE6 /* Extentions */ = {
			isa = PBXGroup;
			children = (
				716873E626F806DB00AD0DE6 /* Storyboard+Extention.swift */,
				716873EC26F9593700AD0DE6 /* UITextField + Extention.swift */,
				716873EE26F9646300AD0DE6 /* UIViewController + Extention.swift */,
			);
			path = Extentions;
			sourceTree = "<group>";
		};
		716873F226F9FC2200AD0DE6 /* TextFields */ = {
			isa = PBXGroup;
			children = (
				716873DA26F7D90B00AD0DE6 /* BindingTextField.swift */,
			);
			path = TextFields;
			sourceTree = "<group>";
		};
		71FE001526FA4A7500C8E1B6 /* CoreData */ = {
			isa = PBXGroup;
			children = (
				71FE001726FA4AA100C8E1B6 /* CDAirline+CoreDataProperties.swift */,
				71FE001626FA4AA100C8E1B6 /* CDAirline+CoreDataClass.swift */,
			);
			path = CoreData;
			sourceTree = "<group>";
		};
		71FE001C26FA8D4800C8E1B6 /* ViewModels */ = {
			isa = PBXGroup;
			children = (
				71FE001D26FA8D8700C8E1B6 /* AirlinesViewModelTests.swift */,
			);
			path = ViewModels;
			sourceTree = "<group>";
		};
		71FE001F26FA9B4500C8E1B6 /* Mocks */ = {
			isa = PBXGroup;
			children = (
				71FE002026FA9B4E00C8E1B6 /* ViewControllers */,
			);
			path = Mocks;
			sourceTree = "<group>";
		};
		71FE002026FA9B4E00C8E1B6 /* ViewControllers */ = {
			isa = PBXGroup;
			children = (
				71FE002126FA9B8B00C8E1B6 /* MockAirlinesVC.swift */,
			);
			path = ViewControllers;
			sourceTree = "<group>";
		};
		71FE002326FAA63000C8E1B6 /* Protocols */ = {
			isa = PBXGroup;
			children = (
				71FE002426FAA64C00C8E1B6 /* AirlinesVCProtocol.swift */,
			);
			path = Protocols;
			sourceTree = "<group>";
		};
		71FE002626FAEA3900C8E1B6 /* Stubs */ = {
			isa = PBXGroup;
			children = (
				71FE002726FAEA6A00C8E1B6 /* StubNetworkManager.swift */,
				71FE002926FB017B00C8E1B6 /* StubPersistenceManager.swift */,
			);
			path = Stubs;
			sourceTree = "<group>";
		};
/* End PBXGroup section */

/* Begin PBXNativeTarget section */
		7168738A26F7918D00AD0DE6 /* AirlineApp */ = {
			isa = PBXNativeTarget;
			buildConfigurationList = 716873B826F7919100AD0DE6 /* Build configuration list for PBXNativeTarget "AirlineApp" */;
			buildPhases = (
				7168738726F7918D00AD0DE6 /* Sources */,
				7168738826F7918D00AD0DE6 /* Frameworks */,
				7168738926F7918D00AD0DE6 /* Resources */,
			);
			buildRules = (
			);
			dependencies = (
			);
			name = AirlineApp;
			productName = AirlineApp;
			productReference = 7168738B26F7918D00AD0DE6 /* AirlineApp.app */;
			productType = "com.apple.product-type.application";
		};
		716873A326F7919100AD0DE6 /* AirlineAppTests */ = {
			isa = PBXNativeTarget;
			buildConfigurationList = 716873BB26F7919100AD0DE6 /* Build configuration list for PBXNativeTarget "AirlineAppTests" */;
			buildPhases = (
				716873A026F7919100AD0DE6 /* Sources */,
				716873A126F7919100AD0DE6 /* Frameworks */,
				716873A226F7919100AD0DE6 /* Resources */,
			);
			buildRules = (
			);
			dependencies = (
				716873A626F7919100AD0DE6 /* PBXTargetDependency */,
			);
			name = AirlineAppTests;
			productName = AirlineAppTests;
			productReference = 716873A426F7919100AD0DE6 /* AirlineAppTests.xctest */;
			productType = "com.apple.product-type.bundle.unit-test";
		};
		716873AE26F7919100AD0DE6 /* AirlineAppUITests */ = {
			isa = PBXNativeTarget;
			buildConfigurationList = 716873BE26F7919100AD0DE6 /* Build configuration list for PBXNativeTarget "AirlineAppUITests" */;
			buildPhases = (
				716873AB26F7919100AD0DE6 /* Sources */,
				716873AC26F7919100AD0DE6 /* Frameworks */,
				716873AD26F7919100AD0DE6 /* Resources */,
			);
			buildRules = (
			);
			dependencies = (
				716873B126F7919100AD0DE6 /* PBXTargetDependency */,
			);
			name = AirlineAppUITests;
			productName = AirlineAppUITests;
			productReference = 716873AF26F7919100AD0DE6 /* AirlineAppUITests.xctest */;
			productType = "com.apple.product-type.bundle.ui-testing";
		};
/* End PBXNativeTarget section */

/* Begin PBXProject section */
		7168738326F7918D00AD0DE6 /* Project object */ = {
			isa = PBXProject;
			attributes = {
				LastSwiftUpdateCheck = 1250;
				LastUpgradeCheck = 1250;
				TargetAttributes = {
					7168738A26F7918D00AD0DE6 = {
						CreatedOnToolsVersion = 12.5;
					};
					716873A326F7919100AD0DE6 = {
						CreatedOnToolsVersion = 12.5;
						TestTargetID = 7168738A26F7918D00AD0DE6;
					};
					716873AE26F7919100AD0DE6 = {
						CreatedOnToolsVersion = 12.5;
						TestTargetID = 7168738A26F7918D00AD0DE6;
					};
				};
			};
			buildConfigurationList = 7168738626F7918D00AD0DE6 /* Build configuration list for PBXProject "AirlineApp" */;
			compatibilityVersion = "Xcode 9.3";
			developmentRegion = en;
			hasScannedForEncodings = 0;
			knownRegions = (
				en,
				Base,
			);
			mainGroup = 7168738226F7918D00AD0DE6;
			productRefGroup = 7168738C26F7918D00AD0DE6 /* Products */;
			projectDirPath = "";
			projectRoot = "";
			targets = (
				7168738A26F7918D00AD0DE6 /* AirlineApp */,
				716873A326F7919100AD0DE6 /* AirlineAppTests */,
				716873AE26F7919100AD0DE6 /* AirlineAppUITests */,
			);
		};
/* End PBXProject section */

/* Begin PBXResourcesBuildPhase section */
		7168738926F7918D00AD0DE6 /* Resources */ = {
			isa = PBXResourcesBuildPhase;
			buildActionMask = 2147483647;
			files = (
				7168739E26F7919100AD0DE6 /* LaunchScreen.storyboard in Resources */,
				7168739B26F7919100AD0DE6 /* Assets.xcassets in Resources */,
				7168739626F7918E00AD0DE6 /* Main.storyboard in Resources */,
			);
			runOnlyForDeploymentPostprocessing = 0;
		};
		716873A226F7919100AD0DE6 /* Resources */ = {
			isa = PBXResourcesBuildPhase;
			buildActionMask = 2147483647;
			files = (
			);
			runOnlyForDeploymentPostprocessing = 0;
		};
		716873AD26F7919100AD0DE6 /* Resources */ = {
			isa = PBXResourcesBuildPhase;
			buildActionMask = 2147483647;
			files = (
			);
			runOnlyForDeploymentPostprocessing = 0;
		};
/* End PBXResourcesBuildPhase section */

/* Begin PBXSourcesBuildPhase section */
		7168738726F7918D00AD0DE6 /* Sources */ = {
			isa = PBXSourcesBuildPhase;
			buildActionMask = 2147483647;
			files = (
				716873E726F806DB00AD0DE6 /* Storyboard+Extention.swift in Sources */,
				716873E926F80CC600AD0DE6 /* AddAirlineViewModel.swift in Sources */,
				716873D926F7D8A700AD0DE6 /* Observable.swift in Sources */,
				71FE001B26FA4ADA00C8E1B6 /* PersistenceManager.swift in Sources */,
				716873DB26F7D90B00AD0DE6 /* BindingTextField.swift in Sources */,
				716873D726F7C8EA00AD0DE6 /* AirlineApiError.swift in Sources */,
				716873D426F7C38D00AD0DE6 /* NetworkManager.swift in Sources */,
				7168739926F7918E00AD0DE6 /* AirlineApp.xcdatamodeld in Sources */,
				716873DF26F7DF5900AD0DE6 /* AirlineCellViewModel.swift in Sources */,
				716873ED26F9593700AD0DE6 /* UITextField + Extention.swift in Sources */,
				716873C926F7B6C000AD0DE6 /* AirlinesVC.swift in Sources */,
				716873EB26F80F9800AD0DE6 /* AddAirlineFormError.swift in Sources */,
				716873CD26F7B70400AD0DE6 /* AddAirlineVC.swift in Sources */,
				716873E226F7DF8900AD0DE6 /* AirlineCell.swift in Sources */,
				71FE001826FA4AA100C8E1B6 /* CDAirline+CoreDataClass.swift in Sources */,
				716873CB26F7B6E600AD0DE6 /* AirlineDetailsVC.swift in Sources */,
				716873DD26F7DCD500AD0DE6 /* AirlinesViewModel.swift in Sources */,
				7168738F26F7918E00AD0DE6 /* AppDelegate.swift in Sources */,
				716873C726F7B4D600AD0DE6 /* Airline.swift in Sources */,
				716873EF26F9646300AD0DE6 /* UIViewController + Extention.swift in Sources */,
				71FE001926FA4AA100C8E1B6 /* CDAirline+CoreDataProperties.swift in Sources */,
				7168739126F7918E00AD0DE6 /* SceneDelegate.swift in Sources */,
				71FE002526FAA64C00C8E1B6 /* AirlinesVCProtocol.swift in Sources */,
				716873E426F7FB6900AD0DE6 /* AirlineDetailsViewModel.swift in Sources */,
				716873CF26F7C27800AD0DE6 /* Constants.swift in Sources */,
			);
			runOnlyForDeploymentPostprocessing = 0;
		};
		716873A026F7919100AD0DE6 /* Sources */ = {
			isa = PBXSourcesBuildPhase;
			buildActionMask = 2147483647;
			files = (
				71FE002826FAEA6A00C8E1B6 /* StubNetworkManager.swift in Sources */,
				71FE002A26FB017B00C8E1B6 /* StubPersistenceManager.swift in Sources */,
				71FE001E26FA8D8700C8E1B6 /* AirlinesViewModelTests.swift in Sources */,
				71FE002226FA9B8B00C8E1B6 /* MockAirlinesVC.swift in Sources */,
			);
			runOnlyForDeploymentPostprocessing = 0;
		};
		716873AB26F7919100AD0DE6 /* Sources */ = {
			isa = PBXSourcesBuildPhase;
			buildActionMask = 2147483647;
			files = (
				716873B426F7919100AD0DE6 /* AirlineAppUITests.swift in Sources */,
			);
			runOnlyForDeploymentPostprocessing = 0;
		};
/* End PBXSourcesBuildPhase section */

/* Begin PBXTargetDependency section */
		716873A626F7919100AD0DE6 /* PBXTargetDependency */ = {
			isa = PBXTargetDependency;
			target = 7168738A26F7918D00AD0DE6 /* AirlineApp */;
			targetProxy = 716873A526F7919100AD0DE6 /* PBXContainerItemProxy */;
		};
		716873B126F7919100AD0DE6 /* PBXTargetDependency */ = {
			isa = PBXTargetDependency;
			target = 7168738A26F7918D00AD0DE6 /* AirlineApp */;
			targetProxy = 716873B026F7919100AD0DE6 /* PBXContainerItemProxy */;
		};
/* End PBXTargetDependency section */

/* Begin PBXVariantGroup section */
		7168739426F7918E00AD0DE6 /* Main.storyboard */ = {
			isa = PBXVariantGroup;
			children = (
				7168739526F7918E00AD0DE6 /* Base */,
			);
			name = Main.storyboard;
			sourceTree = "<group>";
		};
		7168739C26F7919100AD0DE6 /* LaunchScreen.storyboard */ = {
			isa = PBXVariantGroup;
			children = (
				7168739D26F7919100AD0DE6 /* Base */,
			);
			name = LaunchScreen.storyboard;
			sourceTree = "<group>";
		};
/* End PBXVariantGroup section */

/* Begin XCBuildConfiguration section */
		716873B626F7919100AD0DE6 /* Debug */ = {
			isa = XCBuildConfiguration;
			buildSettings = {
				ALWAYS_SEARCH_USER_PATHS = NO;
				CLANG_ANALYZER_NONNULL = YES;
				CLANG_ANALYZER_NUMBER_OBJECT_CONVERSION = YES_AGGRESSIVE;
				CLANG_CXX_LANGUAGE_STANDARD = "gnu++14";
				CLANG_CXX_LIBRARY = "libc++";
				CLANG_ENABLE_MODULES = YES;
				CLANG_ENABLE_OBJC_ARC = YES;
				CLANG_ENABLE_OBJC_WEAK = YES;
				CLANG_WARN_BLOCK_CAPTURE_AUTORELEASING = YES;
				CLANG_WARN_BOOL_CONVERSION = YES;
				CLANG_WARN_COMMA = YES;
				CLANG_WARN_CONSTANT_CONVERSION = YES;
				CLANG_WARN_DEPRECATED_OBJC_IMPLEMENTATIONS = YES;
				CLANG_WARN_DIRECT_OBJC_ISA_USAGE = YES_ERROR;
				CLANG_WARN_DOCUMENTATION_COMMENTS = YES;
				CLANG_WARN_EMPTY_BODY = YES;
				CLANG_WARN_ENUM_CONVERSION = YES;
				CLANG_WARN_INFINITE_RECURSION = YES;
				CLANG_WARN_INT_CONVERSION = YES;
				CLANG_WARN_NON_LITERAL_NULL_CONVERSION = YES;
				CLANG_WARN_OBJC_IMPLICIT_RETAIN_SELF = YES;
				CLANG_WARN_OBJC_LITERAL_CONVERSION = YES;
				CLANG_WARN_OBJC_ROOT_CLASS = YES_ERROR;
				CLANG_WARN_QUOTED_INCLUDE_IN_FRAMEWORK_HEADER = YES;
				CLANG_WARN_RANGE_LOOP_ANALYSIS = YES;
				CLANG_WARN_STRICT_PROTOTYPES = YES;
				CLANG_WARN_SUSPICIOUS_MOVE = YES;
				CLANG_WARN_UNGUARDED_AVAILABILITY = YES_AGGRESSIVE;
				CLANG_WARN_UNREACHABLE_CODE = YES;
				CLANG_WARN__DUPLICATE_METHOD_MATCH = YES;
				COPY_PHASE_STRIP = NO;
				DEBUG_INFORMATION_FORMAT = dwarf;
				ENABLE_STRICT_OBJC_MSGSEND = YES;
				ENABLE_TESTABILITY = YES;
				GCC_C_LANGUAGE_STANDARD = gnu11;
				GCC_DYNAMIC_NO_PIC = NO;
				GCC_NO_COMMON_BLOCKS = YES;
				GCC_OPTIMIZATION_LEVEL = 0;
				GCC_PREPROCESSOR_DEFINITIONS = (
					"DEBUG=1",
					"$(inherited)",
				);
				GCC_WARN_64_TO_32_BIT_CONVERSION = YES;
				GCC_WARN_ABOUT_RETURN_TYPE = YES_ERROR;
				GCC_WARN_UNDECLARED_SELECTOR = YES;
				GCC_WARN_UNINITIALIZED_AUTOS = YES_AGGRESSIVE;
				GCC_WARN_UNUSED_FUNCTION = YES;
				GCC_WARN_UNUSED_VARIABLE = YES;
				IPHONEOS_DEPLOYMENT_TARGET = 14.5;
				MTL_ENABLE_DEBUG_INFO = INCLUDE_SOURCE;
				MTL_FAST_MATH = YES;
				ONLY_ACTIVE_ARCH = YES;
				SDKROOT = iphoneos;
				SWIFT_ACTIVE_COMPILATION_CONDITIONS = DEBUG;
				SWIFT_OPTIMIZATION_LEVEL = "-Onone";
			};
			name = Debug;
		};
		716873B726F7919100AD0DE6 /* Release */ = {
			isa = XCBuildConfiguration;
			buildSettings = {
				ALWAYS_SEARCH_USER_PATHS = NO;
				CLANG_ANALYZER_NONNULL = YES;
				CLANG_ANALYZER_NUMBER_OBJECT_CONVERSION = YES_AGGRESSIVE;
				CLANG_CXX_LANGUAGE_STANDARD = "gnu++14";
				CLANG_CXX_LIBRARY = "libc++";
				CLANG_ENABLE_MODULES = YES;
				CLANG_ENABLE_OBJC_ARC = YES;
				CLANG_ENABLE_OBJC_WEAK = YES;
				CLANG_WARN_BLOCK_CAPTURE_AUTORELEASING = YES;
				CLANG_WARN_BOOL_CONVERSION = YES;
				CLANG_WARN_COMMA = YES;
				CLANG_WARN_CONSTANT_CONVERSION = YES;
				CLANG_WARN_DEPRECATED_OBJC_IMPLEMENTATIONS = YES;
				CLANG_WARN_DIRECT_OBJC_ISA_USAGE = YES_ERROR;
				CLANG_WARN_DOCUMENTATION_COMMENTS = YES;
				CLANG_WARN_EMPTY_BODY = YES;
				CLANG_WARN_ENUM_CONVERSION = YES;
				CLANG_WARN_INFINITE_RECURSION = YES;
				CLANG_WARN_INT_CONVERSION = YES;
				CLANG_WARN_NON_LITERAL_NULL_CONVERSION = YES;
				CLANG_WARN_OBJC_IMPLICIT_RETAIN_SELF = YES;
				CLANG_WARN_OBJC_LITERAL_CONVERSION = YES;
				CLANG_WARN_OBJC_ROOT_CLASS = YES_ERROR;
				CLANG_WARN_QUOTED_INCLUDE_IN_FRAMEWORK_HEADER = YES;
				CLANG_WARN_RANGE_LOOP_ANALYSIS = YES;
				CLANG_WARN_STRICT_PROTOTYPES = YES;
				CLANG_WARN_SUSPICIOUS_MOVE = YES;
				CLANG_WARN_UNGUARDED_AVAILABILITY = YES_AGGRESSIVE;
				CLANG_WARN_UNREACHABLE_CODE = YES;
				CLANG_WARN__DUPLICATE_METHOD_MATCH = YES;
				COPY_PHASE_STRIP = NO;
				DEBUG_INFORMATION_FORMAT = "dwarf-with-dsym";
				ENABLE_NS_ASSERTIONS = NO;
				ENABLE_STRICT_OBJC_MSGSEND = YES;
				GCC_C_LANGUAGE_STANDARD = gnu11;
				GCC_NO_COMMON_BLOCKS = YES;
				GCC_WARN_64_TO_32_BIT_CONVERSION = YES;
				GCC_WARN_ABOUT_RETURN_TYPE = YES_ERROR;
				GCC_WARN_UNDECLARED_SELECTOR = YES;
				GCC_WARN_UNINITIALIZED_AUTOS = YES_AGGRESSIVE;
				GCC_WARN_UNUSED_FUNCTION = YES;
				GCC_WARN_UNUSED_VARIABLE = YES;
				IPHONEOS_DEPLOYMENT_TARGET = 14.5;
				MTL_ENABLE_DEBUG_INFO = NO;
				MTL_FAST_MATH = YES;
				SDKROOT = iphoneos;
				SWIFT_COMPILATION_MODE = wholemodule;
				SWIFT_OPTIMIZATION_LEVEL = "-O";
				VALIDATE_PRODUCT = YES;
			};
			name = Release;
		};
		716873B926F7919100AD0DE6 /* Debug */ = {
			isa = XCBuildConfiguration;
			buildSettings = {
				ASSETCATALOG_COMPILER_APPICON_NAME = AppIcon;
				ASSETCATALOG_COMPILER_GLOBAL_ACCENT_COLOR_NAME = AccentColor;
				CODE_SIGN_STYLE = Automatic;
				DEVELOPMENT_TEAM = D9Y5B4NT9X;
				INFOPLIST_FILE = AirlineApp/Info.plist;
				LD_RUNPATH_SEARCH_PATHS = (
					"$(inherited)",
					"@executable_path/Frameworks",
				);
				PRODUCT_BUNDLE_IDENTIFIER = com.MohamedFawzy.AirlineApp;
				PRODUCT_NAME = "$(TARGET_NAME)";
				SWIFT_VERSION = 5.0;
				TARGETED_DEVICE_FAMILY = "1,2";
			};
			name = Debug;
		};
		716873BA26F7919100AD0DE6 /* Release */ = {
			isa = XCBuildConfiguration;
			buildSettings = {
				ASSETCATALOG_COMPILER_APPICON_NAME = AppIcon;
				ASSETCATALOG_COMPILER_GLOBAL_ACCENT_COLOR_NAME = AccentColor;
				CODE_SIGN_STYLE = Automatic;
				DEVELOPMENT_TEAM = D9Y5B4NT9X;
				INFOPLIST_FILE = AirlineApp/Info.plist;
				LD_RUNPATH_SEARCH_PATHS = (
					"$(inherited)",
					"@executable_path/Frameworks",
				);
				PRODUCT_BUNDLE_IDENTIFIER = com.MohamedFawzy.AirlineApp;
				PRODUCT_NAME = "$(TARGET_NAME)";
				SWIFT_VERSION = 5.0;
				TARGETED_DEVICE_FAMILY = "1,2";
			};
			name = Release;
		};
		716873BC26F7919100AD0DE6 /* Debug */ = {
			isa = XCBuildConfiguration;
			buildSettings = {
				ALWAYS_EMBED_SWIFT_STANDARD_LIBRARIES = YES;
				BUNDLE_LOADER = "$(TEST_HOST)";
				CODE_SIGN_STYLE = Automatic;
				DEVELOPMENT_TEAM = D9Y5B4NT9X;
				INFOPLIST_FILE = AirlineAppTests/Info.plist;
				IPHONEOS_DEPLOYMENT_TARGET = 14.5;
				LD_RUNPATH_SEARCH_PATHS = (
					"$(inherited)",
					"@executable_path/Frameworks",
					"@loader_path/Frameworks",
				);
				PRODUCT_BUNDLE_IDENTIFIER = com.MohamedFawzy.AirlineAppTests;
				PRODUCT_NAME = "$(TARGET_NAME)";
				SWIFT_VERSION = 5.0;
				TARGETED_DEVICE_FAMILY = "1,2";
				TEST_HOST = "$(BUILT_PRODUCTS_DIR)/AirlineApp.app/AirlineApp";
			};
			name = Debug;
		};
		716873BD26F7919100AD0DE6 /* Release */ = {
			isa = XCBuildConfiguration;
			buildSettings = {
				ALWAYS_EMBED_SWIFT_STANDARD_LIBRARIES = YES;
				BUNDLE_LOADER = "$(TEST_HOST)";
				CODE_SIGN_STYLE = Automatic;
				DEVELOPMENT_TEAM = D9Y5B4NT9X;
				INFOPLIST_FILE = AirlineAppTests/Info.plist;
				IPHONEOS_DEPLOYMENT_TARGET = 14.5;
				LD_RUNPATH_SEARCH_PATHS = (
					"$(inherited)",
					"@executable_path/Frameworks",
					"@loader_path/Frameworks",
				);
				PRODUCT_BUNDLE_IDENTIFIER = com.MohamedFawzy.AirlineAppTests;
				PRODUCT_NAME = "$(TARGET_NAME)";
				SWIFT_VERSION = 5.0;
				TARGETED_DEVICE_FAMILY = "1,2";
				TEST_HOST = "$(BUILT_PRODUCTS_DIR)/AirlineApp.app/AirlineApp";
			};
			name = Release;
		};
		716873BF26F7919100AD0DE6 /* Debug */ = {
			isa = XCBuildConfiguration;
			buildSettings = {
				ALWAYS_EMBED_SWIFT_STANDARD_LIBRARIES = YES;
				CODE_SIGN_STYLE = Automatic;
				DEVELOPMENT_TEAM = D9Y5B4NT9X;
				INFOPLIST_FILE = AirlineAppUITests/Info.plist;
				LD_RUNPATH_SEARCH_PATHS = (
					"$(inherited)",
					"@executable_path/Frameworks",
					"@loader_path/Frameworks",
				);
				PRODUCT_BUNDLE_IDENTIFIER = com.MohamedFawzy.AirlineAppUITests;
				PRODUCT_NAME = "$(TARGET_NAME)";
				SWIFT_VERSION = 5.0;
				TARGETED_DEVICE_FAMILY = "1,2";
				TEST_TARGET_NAME = AirlineApp;
			};
			name = Debug;
		};
		716873C026F7919100AD0DE6 /* Release */ = {
			isa = XCBuildConfiguration;
			buildSettings = {
				ALWAYS_EMBED_SWIFT_STANDARD_LIBRARIES = YES;
				CODE_SIGN_STYLE = Automatic;
				DEVELOPMENT_TEAM = D9Y5B4NT9X;
				INFOPLIST_FILE = AirlineAppUITests/Info.plist;
				LD_RUNPATH_SEARCH_PATHS = (
					"$(inherited)",
					"@executable_path/Frameworks",
					"@loader_path/Frameworks",
				);
				PRODUCT_BUNDLE_IDENTIFIER = com.MohamedFawzy.AirlineAppUITests;
				PRODUCT_NAME = "$(TARGET_NAME)";
				SWIFT_VERSION = 5.0;
				TARGETED_DEVICE_FAMILY = "1,2";
				TEST_TARGET_NAME = AirlineApp;
			};
			name = Release;
		};
/* End XCBuildConfiguration section */

/* Begin XCConfigurationList section */
		7168738626F7918D00AD0DE6 /* Build configuration list for PBXProject "AirlineApp" */ = {
			isa = XCConfigurationList;
			buildConfigurations = (
				716873B626F7919100AD0DE6 /* Debug */,
				716873B726F7919100AD0DE6 /* Release */,
			);
			defaultConfigurationIsVisible = 0;
			defaultConfigurationName = Release;
		};
		716873B826F7919100AD0DE6 /* Build configuration list for PBXNativeTarget "AirlineApp" */ = {
			isa = XCConfigurationList;
			buildConfigurations = (
				716873B926F7919100AD0DE6 /* Debug */,
				716873BA26F7919100AD0DE6 /* Release */,
			);
			defaultConfigurationIsVisible = 0;
			defaultConfigurationName = Release;
		};
		716873BB26F7919100AD0DE6 /* Build configuration list for PBXNativeTarget "AirlineAppTests" */ = {
			isa = XCConfigurationList;
			buildConfigurations = (
				716873BC26F7919100AD0DE6 /* Debug */,
				716873BD26F7919100AD0DE6 /* Release */,
			);
			defaultConfigurationIsVisible = 0;
			defaultConfigurationName = Release;
		};
		716873BE26F7919100AD0DE6 /* Build configuration list for PBXNativeTarget "AirlineAppUITests" */ = {
			isa = XCConfigurationList;
			buildConfigurations = (
				716873BF26F7919100AD0DE6 /* Debug */,
				716873C026F7919100AD0DE6 /* Release */,
			);
			defaultConfigurationIsVisible = 0;
			defaultConfigurationName = Release;
		};
/* End XCConfigurationList section */

/* Begin XCVersionGroup section */
		7168739726F7918E00AD0DE6 /* AirlineApp.xcdatamodeld */ = {
			isa = XCVersionGroup;
			children = (
				7168739826F7918E00AD0DE6 /* AirlineApp.xcdatamodel */,
			);
			currentVersion = 7168739826F7918E00AD0DE6 /* AirlineApp.xcdatamodel */;
			path = AirlineApp.xcdatamodeld;
			sourceTree = "<group>";
			versionGroupType = wrapper.xcdatamodel;
		};
/* End XCVersionGroup section */
	};
	rootObject = 7168738326F7918D00AD0DE6 /* Project object */;
}
